
Microsoft Visual Studio Solution File, Format Version 12.00
# Visual Studio Version 16
VisualStudioVersion = 16.0.31911.196
MinimumVisualStudioVersion = 10.0.40219.1
Project("{FAE04EC0-301F-11D3-BF4B-00C04F79EFBC}") = "ConvertWGS84UTM", "ConvertWGS84UTM\ConvertWGS84UTM.csproj", "{882DB740-845B-4A01-8627-4016916E1334}"
EndProject
Global
	GlobalSection(SolutionConfigurationPlatforms) = preSolution
		Debug|Any CPU = Debug|Any CPU
		Release|Any CPU = Release|Any CPU
	EndGlobalSection
	GlobalSection(ProjectConfigurationPlatforms) = postSolution
		{882DB740-845B-4A01-8627-4016916E1334}.Debug|Any CPU.ActiveCfg = Debug|Any CPU
		{882DB740-845B-4A01-8627-4016916E1334}.Debug|Any CPU.Build.0 = Debug|Any CPU
		{882DB740-845B-4A01-8627-4016916E1334}.Release|Any CPU.ActiveCfg = Release|Any CPU
		{882DB740-845B-4A01-8627-4016916E1334}.Release|Any CPU.Build.0 = Release|Any CPU
	EndGlobalSection
	GlobalSection(SolutionProperties) = preSolution
		HideSolutionNode = FALSE
	EndGlobalSection
	GlobalSection(ExtensibilityGlobals) = postSolution
		SolutionGuid = {FC0CBCAB-6CCE-4CE9-AFE0-B3D74833D741}
	EndGlobalSection
EndGlobal
